
Microsoft Visual Studio Solution File, Format Version 12.00
# Visual Studio Version 16
VisualStudioVersion = 16.0.29905.134
MinimumVisualStudioVersion = 10.0.40219.1
Project("{FAE04EC0-301F-11D3-BF4B-00C04F79EFBC}") = "HinxCor.Drawing", "HinxCor.Drawing\HinxCor.Drawing.csproj", "{8633C550-7DB0-4DCC-A92B-547B5D2B765F}"
EndProject
Project("{FAE04EC0-301F-11D3-BF4B-00C04F79EFBC}") = "_fullscpicdisplayer", "_fullscpicdisplayer\_fullscpicdisplayer.csproj", "{8780F9E5-6E59-4EEF-B9BF-12D23E77C528}"
EndProject
Project("{FAE04EC0-301F-11D3-BF4B-00C04F79EFBC}") = "HinxCor.CryptoSer", "HinxCor.CryptoSer\HinxCor.CryptoSer.csproj", "{370930C9-8D54-4284-8E7B-4497CBDE4927}"
EndProject
Project("{FAE04EC0-301F-11D3-BF4B-00C04F79EFBC}") = "HinxCor.Network", "HinxCor.Network\HinxCor.Network.csproj", "{88EA3892-4A76-4E38-8F2E-340C9F052315}"
EndProject
Project("{FAE04EC0-301F-11D3-BF4B-00C04F79EFBC}") = "HinxCor", "HinxCor\HinxCor.csproj", "{A5109C8C-BF97-4E53-AB77-CF9CD6D8405C}"
EndProject
Project("{FAE04EC0-301F-11D3-BF4B-00C04F79EFBC}") = "HinxCor.CompressionDot45", "HinxCor.CompressionDot45\HinxCor.CompressionDot45.csproj", "{22A03DC6-EFB8-4289-961E-4317BA25C1D1}"
EndProject
Project("{FAE04EC0-301F-11D3-BF4B-00C04F79EFBC}") = "OtherWindowStateController", "OtherWindowStateController\OtherWindowStateController.csproj", "{EA26430C-7AF6-4152-9523-0BD5F6AE6A74}"
EndProject
Project("{FAE04EC0-301F-11D3-BF4B-00C04F79EFBC}") = "_ffpixable", "_ffpixable\_ffpixable.csproj", "{70F95E64-70B6-40DE-81E7-6FFE51A2DEDD}"
EndProject
Project("{FAE04EC0-301F-11D3-BF4B-00C04F79EFBC}") = "_TestZipFilePassword", "_TestZipFilePassword\_TestZipFilePassword.csproj", "{74A59CDD-E481-4446-85F6-75322119DAEE}"
EndProject
Project("{FAE04EC0-301F-11D3-BF4B-00C04F79EFBC}") = "HinxCor.Rendering", "HinxCor.Rendering\HinxCor.Rendering.csproj", "{5EFA8522-5472-4FFB-927C-EE083AE18F27}"
EndProject
Project("{FAE04EC0-301F-11D3-BF4B-00C04F79EFBC}") = "DemoApp", "DemoApp\DemoApp.csproj", "{03304E3E-6FC2-4FF8-A808-EE02CC614FEB}"
EndProject
Project("{FAE04EC0-301F-11D3-BF4B-00C04F79EFBC}") = "ApplicationLauncher", "ApplicationLauncher\ApplicationLauncher.csproj", "{84D69CBD-446C-49B0-B986-B20B21EE08F8}"
EndProject
Project("{FAE04EC0-301F-11D3-BF4B-00C04F79EFBC}") = "HT_ScreenDrawer", "HT_ScreenDrawer\HT_ScreenDrawer.csproj", "{F092A636-6DB9-4C31-9150-2C6534F18B62}"
EndProject
Project("{FAE04EC0-301F-11D3-BF4B-00C04F79EFBC}") = "demo_CompilerByHinxCor", "demo_CompilerByHinxCor\demo_CompilerByHinxCor.csproj", "{30CF8FDF-DE27-4795-8A4F-5F9DD6A34B13}"
EndProject
Project("{FAE04EC0-301F-11D3-BF4B-00C04F79EFBC}") = "DemoSharpFont", "DemoSharpFont\DemoSharpFont.csproj", "{6482AE3C-EB5F-44E3-BAAD-FC8AFDA5D957}"
EndProject
Project("{FAE04EC0-301F-11D3-BF4B-00C04F79EFBC}") = "_UDPClientServer", "_UDPClientServer\_UDPClientServer.csproj", "{EF5868FE-6294-4AF1-96F0-02614326B7D7}"
EndProject
Project("{FAE04EC0-301F-11D3-BF4B-00C04F79EFBC}") = "_UDPTextSender", "_UDPTextSender\_UDPTextSender.csproj", "{09D9607C-D09E-45F3-85C2-9760474819BB}"
EndProject
Project("{FAE04EC0-301F-11D3-BF4B-00C04F79EFBC}") = "_printargs", "_printargs\_printargs.csproj", "{50FDCD0D-0B2F-4B9D-8C41-0779BA67087F}"
EndProject
Project("{FAE04EC0-301F-11D3-BF4B-00C04F79EFBC}") = "DCARE", "_self_pack_and_extracting\DCARE\DCARE.csproj", "{3A763731-4F92-4E70-85A3-5D44AA4AD6D7}"
EndProject
Project("{FAE04EC0-301F-11D3-BF4B-00C04F79EFBC}") = "_fast_fetch_imagesfrom_amizez", "_fast_fetch_imagesfrom_amizez\_fast_fetch_imagesfrom_amizez.csproj", "{0C4BBE0D-DD2B-4103-82C2-87D8006D0F5A}"
EndProject
Project("{FAE04EC0-301F-11D3-BF4B-00C04F79EFBC}") = "DemoCrc", "DemoCrc\DemoCrc.csproj", "{8E5B9AF6-1669-434D-AF58-51ED00BE5C70}"
EndProject
Project("{FAE04EC0-301F-11D3-BF4B-00C04F79EFBC}") = "_demo_login_register_to_animz", "_demo_login_register_to_animz\_demo_login_register_to_animz.csproj", "{769D9F6D-A3B5-4AAD-A60B-BDCA34C589E1}"
EndProject
Project("{FAE04EC0-301F-11D3-BF4B-00C04F79EFBC}") = "ImageViewer", "ImageViewer\ImageViewer.csproj", "{DE3A7914-EA13-408B-B041-7F484CA3650C}"
EndProject
Project("{FAE04EC0-301F-11D3-BF4B-00C04F79EFBC}") = "_demo_emgucv", "_demo_emgucv\_demo_emgucv.csproj", "{EB7A4A76-FB4C-42C3-9B86-55C3D9D420A9}"
EndProject
Project("{FAE04EC0-301F-11D3-BF4B-00C04F79EFBC}") = "_demo_thumbnailcsharp", "_demo_thumbnailcsharp\_demo_thumbnailcsharp.csproj", "{3B794D58-6D79-4CD6-BB3A-10E9A68FA7DE}"
EndProject
Project("{FAE04EC0-301F-11D3-BF4B-00C04F79EFBC}") = "HinxCor.Thumbnail", "HinxCor.Thumbnail\HinxCor.Thumbnail.csproj", "{0EE80F21-DF08-4E2B-A35C-F3B0758EE002}"
EndProject
Project("{FAE04EC0-301F-11D3-BF4B-00C04F79EFBC}") = "HinxCor.Image", "HinxCor.pThumb\HinxCor.Image.csproj", "{198BFC3B-F7DC-4C0C-9933-633DE4D6B122}"
EndProject
Project("{FAE04EC0-301F-11D3-BF4B-00C04F79EFBC}") = "HinxCor.VectorTime", "HinxCor.VectorTime\HinxCor.VectorTime.csproj", "{1B1782CD-1DFE-4817-ADF6-60EED0213747}"
EndProject
Project("{FAE04EC0-301F-11D3-BF4B-00C04F79EFBC}") = "_demo_bigFileGenerator", "_demo_bigFileGenerator\_demo_bigFileGenerator.csproj", "{EE06224B-0DFA-4E90-870E-300F12283BDA}"
EndProject
Project("{FAE04EC0-301F-11D3-BF4B-00C04F79EFBC}") = "ArgsDebuger", "ArgsDebuger\ArgsDebuger.csproj", "{B68A08FF-9D6E-4AD7-9D76-EDED88B913F6}"
EndProject
Project("{FAE04EC0-301F-11D3-BF4B-00C04F79EFBC}") = "HinxCor.AudioPlayer", "HinxCor.AudioPlayer\HinxCor.AudioPlayer.csproj", "{6A15CF7A-0935-4D1E-9AC7-C0CD531C9FC0}"
EndProject
Project("{FAE04EC0-301F-11D3-BF4B-00C04F79EFBC}") = "NAudioDemostration", "NAudioDemostration\NAudioDemostration.csproj", "{0FD3390E-BE8A-429A-9323-D42BD3F2BD63}"
EndProject
Project("{FAE04EC0-301F-11D3-BF4B-00C04F79EFBC}") = "NAudioUtil", "NAudioUtil\NAudioUtil.csproj", "{C0D73BD1-F9B5-4598-B889-CCD2145B2E49}"
EndProject
Project("{FAE04EC0-301F-11D3-BF4B-00C04F79EFBC}") = "demo_sqlite_encrypt", "demo_sqlite_encrypt\demo_sqlite_encrypt.csproj", "{1C67D26C-D48F-4297-8165-B9CA6544CFFE}"
EndProject
Project("{FAE04EC0-301F-11D3-BF4B-00C04F79EFBC}") = "demo_sqlite_official", "demo_sqlite_official\demo_sqlite_official.csproj", "{554C37B6-1889-415A-AF63-00F07877B9FC}"
EndProject
Project("{FAE04EC0-301F-11D3-BF4B-00C04F79EFBC}") = "HinxCor.SQLite", "HinxCor.SQLite\HinxCor.SQLite.csproj", "{6A998472-DE58-4294-BCA6-90F4497B7EEA}"
EndProject
Project("{FAE04EC0-301F-11D3-BF4B-00C04F79EFBC}") = "HinxCor.SQLite.net35", "HinxCor.SQLite.net35\HinxCor.SQLite.net35.csproj", "{76ECBF2B-6211-4394-B966-4FDAE92A73FA}"
EndProject
Project("{FAE04EC0-301F-11D3-BF4B-00C04F79EFBC}") = "Vision.Update", "Vision.Update\Vision.Update.csproj", "{68D90DEF-D2FE-453C-A243-2F4AD44E5D6D}"
EndProject
Project("{FAE04EC0-301F-11D3-BF4B-00C04F79EFBC}") = "HinxCor.Compilers", "HinxCor.Compilers\HinxCor.Compilers.csproj", "{18E9A73A-3E86-468E-B0F3-CEF1427F5380}"
EndProject
Project("{FAE04EC0-301F-11D3-BF4B-00C04F79EFBC}") = "HinxCor.SVG", "HinxCor.SVG\HinxCor.SVG.csproj", "{4B4BF921-40CA-4DDC-9715-B9A96A920768}"
EndProject
Project("{FAE04EC0-301F-11D3-BF4B-00C04F79EFBC}") = "ConsoleApplication", "ConsoleApplication\ConsoleApplication.csproj", "{6B0B8E6F-E933-41AA-A3CE-36E8CCAB4CB9}"
EndProject
Project("{FAE04EC0-301F-11D3-BF4B-00C04F79EFBC}") = "HinxCor.IO", "HinxCor.IO\HinxCor.IO.csproj", "{0AFFC645-CA1C-4D35-B6D9-31FE7E78D61E}"
EndProject
Project("{FAE04EC0-301F-11D3-BF4B-00C04F79EFBC}") = "DM_FileBrowser", "DM_FileBrowser\DM_FileBrowser.csproj", "{F8D7228E-1558-42CD-B036-B3DECFCC4C0F}"
EndProject
Project("{FAE04EC0-301F-11D3-BF4B-00C04F79EFBC}") = "Vision.Assets", "..\vision-3d\Master\Vision.Assets\Vision.Assets.csproj", "{3588D061-D8A9-49CD-A153-8E101670B78C}"
EndProject
Project("{FAE04EC0-301F-11D3-BF4B-00C04F79EFBC}") = "demo_UDP_Console", "demo_UDP_Console\demo_UDP_Console.csproj", "{CF67151D-ADD8-4394-978D-2D8A05EA944B}"
EndProject
Project("{FAE04EC0-301F-11D3-BF4B-00C04F79EFBC}") = "HinxCor.udpunicast", "HinxCor.udpunicast\HinxCor.udpunicast.csproj", "{C687BA04-F277-45B9-A3EB-CFB4DBB27C3F}"
EndProject
Project("{FAE04EC0-301F-11D3-BF4B-00C04F79EFBC}") = "FileBrowser", "FileBrowser\FileBrowser.csproj", "{968E93BB-4137-42AC-8E5A-FF1DAC10C3D1}"
EndProject
Project("{FAE04EC0-301F-11D3-BF4B-00C04F79EFBC}") = "demo_DotNetZip", "demo_DotNetZip\demo_DotNetZip.csproj", "{364F3AE0-B107-4F40-BDC8-1534873C5479}"
EndProject
Project("{FAE04EC0-301F-11D3-BF4B-00C04F79EFBC}") = "demo_TcpServer", "demo_TcpServer\demo_TcpServer.csproj", "{161940DE-2C64-43E0-9981-F21869532C22}"
EndProject
Project("{FAE04EC0-301F-11D3-BF4B-00C04F79EFBC}") = "demo_TcpClient", "demo_TcpClient\demo_TcpClient.csproj", "{422F807F-ADAE-44EA-BF2E-A46C32934A55}"
EndProject
Project("{FAE04EC0-301F-11D3-BF4B-00C04F79EFBC}") = "HinxCor.InterProcessCommunication", "HinxCor.InterProcessCommunication\HinxCor.InterProcessCommunication.csproj", "{19EB2B86-650E-449B-830F-4E667C7FB835}"
EndProject
Project("{FAE04EC0-301F-11D3-BF4B-00C04F79EFBC}") = "demo_webBrowser", "demo_webBrowser\demo_webBrowser.csproj", "{00DA0AB8-47E4-4608-BB3D-F0DA3E5A076A}"
EndProject
Project("{FAE04EC0-301F-11D3-BF4B-00C04F79EFBC}") = "Webview", "Webview\Webview.csproj", "{E87009E0-800F-4EC4-A2B9-7CDFDD0F6ABE}"
EndProject
Project("{FAE04EC0-301F-11D3-BF4B-00C04F79EFBC}") = "HinxCor.Compiler", "HinxCor.Compiler\HinxCor.Compiler.csproj", "{19BBDAD4-77D1-4006-96E8-6C5B9ED80AE7}"
EndProject
Project("{FAE04EC0-301F-11D3-BF4B-00C04F79EFBC}") = "dotFSVFileExtra", "dotFSVFileExtra\dotFSVFileExtra.csproj", "{94CB9E39-9D5A-4BF6-BF25-4115E01854F7}"
EndProject
Project("{FAE04EC0-301F-11D3-BF4B-00C04F79EFBC}") = "ProgramRunner", "ProgramRunner\ProgramRunner.csproj", "{DDEB26ED-306C-48D4-A3FE-80623CC5E0EC}"
EndProject
Project("{FAE04EC0-301F-11D3-BF4B-00C04F79EFBC}") = "Vision3D", "Vision3D\Vision3D.csproj", "{8B52F96E-C9C4-4D79-B114-C169424346CD}"
EndProject
Project("{FAE04EC0-301F-11D3-BF4B-00C04F79EFBC}") = "_demo_NetherenumIPC", "_demo_NetherenumIPC\_demo_NetherenumIPC.csproj", "{CD0E3E0B-71C0-4491-8032-4AFA390A7337}"
EndProject
Project("{FAE04EC0-301F-11D3-BF4B-00C04F79EFBC}") = "_demo_NetMQ_Client", "_demo_NetMQ_Client\_demo_NetMQ_Client.csproj", "{A4F63E93-BA0B-4C06-8ADD-38CD8810BE1E}"
EndProject
Project("{FAE04EC0-301F-11D3-BF4B-00C04F79EFBC}") = "_demo_NetMQ_Server", "_demo_NetMQ_Server\_demo_NetMQ_Server.csproj", "{14AF8BD3-4CB0-4839-B30E-36D4AFAC7D9D}"
EndProject
Project("{FAE04EC0-301F-11D3-BF4B-00C04F79EFBC}") = "HinxCor.FFmpeg", "HinxCor.FFmpeg\HinxCor.FFmpeg.csproj", "{61B39C56-9935-4743-B807-D17FB590756F}"
EndProject
Project("{FAE04EC0-301F-11D3-BF4B-00C04F79EFBC}") = "Video.ConvertT", "Video.ConvertT\Video.ConvertT.csproj", "{F225E929-A90C-483F-A251-BC5C2218A783}"
EndProject
Project("{FAE04EC0-301F-11D3-BF4B-00C04F79EFBC}") = "FileUploadAssistant", "_demo_AddIconAndRegRightClickItems\FileUploadAssistant.csproj", "{EFF8402F-E599-44EE-8677-0C83DAEB1DA3}"
EndProject
Global
	GlobalSection(SolutionConfigurationPlatforms) = preSolution
		Debug|Any CPU = Debug|Any CPU
		Release|Any CPU = Release|Any CPU
	EndGlobalSection
	GlobalSection(ProjectConfigurationPlatforms) = postSolution
		{8633C550-7DB0-4DCC-A92B-547B5D2B765F}.Debug|Any CPU.ActiveCfg = Debug|Any CPU
		{8633C550-7DB0-4DCC-A92B-547B5D2B765F}.Debug|Any CPU.Build.0 = Debug|Any CPU
		{8633C550-7DB0-4DCC-A92B-547B5D2B765F}.Release|Any CPU.ActiveCfg = Release|Any CPU
		{8633C550-7DB0-4DCC-A92B-547B5D2B765F}.Release|Any CPU.Build.0 = Release|Any CPU
		{8780F9E5-6E59-4EEF-B9BF-12D23E77C528}.Debug|Any CPU.ActiveCfg = Release|Any CPU
		{8780F9E5-6E59-4EEF-B9BF-12D23E77C528}.Debug|Any CPU.Build.0 = Release|Any CPU
		{8780F9E5-6E59-4EEF-B9BF-12D23E77C528}.Release|Any CPU.ActiveCfg = Release|Any CPU
		{8780F9E5-6E59-4EEF-B9BF-12D23E77C528}.Release|Any CPU.Build.0 = Release|Any CPU
		{370930C9-8D54-4284-8E7B-4497CBDE4927}.Debug|Any CPU.ActiveCfg = Debug|Any CPU
		{370930C9-8D54-4284-8E7B-4497CBDE4927}.Debug|Any CPU.Build.0 = Debug|Any CPU
		{370930C9-8D54-4284-8E7B-4497CBDE4927}.Release|Any CPU.ActiveCfg = Release|Any CPU
		{370930C9-8D54-4284-8E7B-4497CBDE4927}.Release|Any CPU.Build.0 = Release|Any CPU
		{88EA3892-4A76-4E38-8F2E-340C9F052315}.Debug|Any CPU.ActiveCfg = Debug|Any CPU
		{88EA3892-4A76-4E38-8F2E-340C9F052315}.Debug|Any CPU.Build.0 = Debug|Any CPU
		{88EA3892-4A76-4E38-8F2E-340C9F052315}.Release|Any CPU.ActiveCfg = Release|Any CPU
		{88EA3892-4A76-4E38-8F2E-340C9F052315}.Release|Any CPU.Build.0 = Release|Any CPU
		{A5109C8C-BF97-4E53-AB77-CF9CD6D8405C}.Debug|Any CPU.ActiveCfg = Debug|Any CPU
		{A5109C8C-BF97-4E53-AB77-CF9CD6D8405C}.Debug|Any CPU.Build.0 = Debug|Any CPU
		{A5109C8C-BF97-4E53-AB77-CF9CD6D8405C}.Release|Any CPU.ActiveCfg = Release|Any CPU
		{A5109C8C-BF97-4E53-AB77-CF9CD6D8405C}.Release|Any CPU.Build.0 = Release|Any CPU
		{22A03DC6-EFB8-4289-961E-4317BA25C1D1}.Debug|Any CPU.ActiveCfg = Debug|Any CPU
		{22A03DC6-EFB8-4289-961E-4317BA25C1D1}.Debug|Any CPU.Build.0 = Debug|Any CPU
		{22A03DC6-EFB8-4289-961E-4317BA25C1D1}.Release|Any CPU.ActiveCfg = Release|Any CPU
		{22A03DC6-EFB8-4289-961E-4317BA25C1D1}.Release|Any CPU.Build.0 = Release|Any CPU
		{EA26430C-7AF6-4152-9523-0BD5F6AE6A74}.Debug|Any CPU.ActiveCfg = Release|Any CPU
		{EA26430C-7AF6-4152-9523-0BD5F6AE6A74}.Debug|Any CPU.Build.0 = Release|Any CPU
		{EA26430C-7AF6-4152-9523-0BD5F6AE6A74}.Release|Any CPU.ActiveCfg = Release|Any CPU
		{EA26430C-7AF6-4152-9523-0BD5F6AE6A74}.Release|Any CPU.Build.0 = Release|Any CPU
		{70F95E64-70B6-40DE-81E7-6FFE51A2DEDD}.Debug|Any CPU.ActiveCfg = Release|Any CPU
		{70F95E64-70B6-40DE-81E7-6FFE51A2DEDD}.Debug|Any CPU.Build.0 = Release|Any CPU
		{70F95E64-70B6-40DE-81E7-6FFE51A2DEDD}.Release|Any CPU.ActiveCfg = Release|Any CPU
		{70F95E64-70B6-40DE-81E7-6FFE51A2DEDD}.Release|Any CPU.Build.0 = Release|Any CPU
		{74A59CDD-E481-4446-85F6-75322119DAEE}.Debug|Any CPU.ActiveCfg = Release|Any CPU
		{74A59CDD-E481-4446-85F6-75322119DAEE}.Debug|Any CPU.Build.0 = Release|Any CPU
		{74A59CDD-E481-4446-85F6-75322119DAEE}.Release|Any CPU.ActiveCfg = Release|Any CPU
		{74A59CDD-E481-4446-85F6-75322119DAEE}.Release|Any CPU.Build.0 = Release|Any CPU
		{5EFA8522-5472-4FFB-927C-EE083AE18F27}.Debug|Any CPU.ActiveCfg = Debug|Any CPU
		{5EFA8522-5472-4FFB-927C-EE083AE18F27}.Debug|Any CPU.Build.0 = Debug|Any CPU
		{5EFA8522-5472-4FFB-927C-EE083AE18F27}.Release|Any CPU.ActiveCfg = Release|Any CPU
		{5EFA8522-5472-4FFB-927C-EE083AE18F27}.Release|Any CPU.Build.0 = Release|Any CPU
		{03304E3E-6FC2-4FF8-A808-EE02CC614FEB}.Debug|Any CPU.ActiveCfg = Debug|Any CPU
		{03304E3E-6FC2-4FF8-A808-EE02CC614FEB}.Debug|Any CPU.Build.0 = Debug|Any CPU
		{03304E3E-6FC2-4FF8-A808-EE02CC614FEB}.Release|Any CPU.ActiveCfg = Release|Any CPU
		{03304E3E-6FC2-4FF8-A808-EE02CC614FEB}.Release|Any CPU.Build.0 = Release|Any CPU
		{84D69CBD-446C-49B0-B986-B20B21EE08F8}.Debug|Any CPU.ActiveCfg = Release|Any CPU
		{84D69CBD-446C-49B0-B986-B20B21EE08F8}.Debug|Any CPU.Build.0 = Release|Any CPU
		{84D69CBD-446C-49B0-B986-B20B21EE08F8}.Release|Any CPU.ActiveCfg = Release|Any CPU
		{84D69CBD-446C-49B0-B986-B20B21EE08F8}.Release|Any CPU.Build.0 = Release|Any CPU
		{F092A636-6DB9-4C31-9150-2C6534F18B62}.Debug|Any CPU.ActiveCfg = Release|Any CPU
		{F092A636-6DB9-4C31-9150-2C6534F18B62}.Debug|Any CPU.Build.0 = Release|Any CPU
		{F092A636-6DB9-4C31-9150-2C6534F18B62}.Release|Any CPU.ActiveCfg = Release|Any CPU
		{F092A636-6DB9-4C31-9150-2C6534F18B62}.Release|Any CPU.Build.0 = Release|Any CPU
		{30CF8FDF-DE27-4795-8A4F-5F9DD6A34B13}.Debug|Any CPU.ActiveCfg = Release|Any CPU
		{30CF8FDF-DE27-4795-8A4F-5F9DD6A34B13}.Debug|Any CPU.Build.0 = Release|Any CPU
		{30CF8FDF-DE27-4795-8A4F-5F9DD6A34B13}.Release|Any CPU.ActiveCfg = Release|Any CPU
		{30CF8FDF-DE27-4795-8A4F-5F9DD6A34B13}.Release|Any CPU.Build.0 = Release|Any CPU
		{6482AE3C-EB5F-44E3-BAAD-FC8AFDA5D957}.Debug|Any CPU.ActiveCfg = Debug|Any CPU
		{6482AE3C-EB5F-44E3-BAAD-FC8AFDA5D957}.Debug|Any CPU.Build.0 = Debug|Any CPU
		{6482AE3C-EB5F-44E3-BAAD-FC8AFDA5D957}.Release|Any CPU.ActiveCfg = Release|Any CPU
		{6482AE3C-EB5F-44E3-BAAD-FC8AFDA5D957}.Release|Any CPU.Build.0 = Release|Any CPU
		{EF5868FE-6294-4AF1-96F0-02614326B7D7}.Debug|Any CPU.ActiveCfg = Debug|Any CPU
		{EF5868FE-6294-4AF1-96F0-02614326B7D7}.Debug|Any CPU.Build.0 = Debug|Any CPU
		{EF5868FE-6294-4AF1-96F0-02614326B7D7}.Release|Any CPU.ActiveCfg = Release|Any CPU
		{EF5868FE-6294-4AF1-96F0-02614326B7D7}.Release|Any CPU.Build.0 = Release|Any CPU
		{09D9607C-D09E-45F3-85C2-9760474819BB}.Debug|Any CPU.ActiveCfg = Debug|Any CPU
		{09D9607C-D09E-45F3-85C2-9760474819BB}.Debug|Any CPU.Build.0 = Debug|Any CPU
		{09D9607C-D09E-45F3-85C2-9760474819BB}.Release|Any CPU.ActiveCfg = Release|Any CPU
		{09D9607C-D09E-45F3-85C2-9760474819BB}.Release|Any CPU.Build.0 = Release|Any CPU
		{50FDCD0D-0B2F-4B9D-8C41-0779BA67087F}.Debug|Any CPU.ActiveCfg = Debug|Any CPU
		{50FDCD0D-0B2F-4B9D-8C41-0779BA67087F}.Debug|Any CPU.Build.0 = Debug|Any CPU
		{50FDCD0D-0B2F-4B9D-8C41-0779BA67087F}.Release|Any CPU.ActiveCfg = Release|Any CPU
		{50FDCD0D-0B2F-4B9D-8C41-0779BA67087F}.Release|Any CPU.Build.0 = Release|Any CPU
		{3A763731-4F92-4E70-85A3-5D44AA4AD6D7}.Debug|Any CPU.ActiveCfg = Debug|Any CPU
		{3A763731-4F92-4E70-85A3-5D44AA4AD6D7}.Debug|Any CPU.Build.0 = Debug|Any CPU
		{3A763731-4F92-4E70-85A3-5D44AA4AD6D7}.Release|Any CPU.ActiveCfg = Release|Any CPU
		{3A763731-4F92-4E70-85A3-5D44AA4AD6D7}.Release|Any CPU.Build.0 = Release|Any CPU
		{0C4BBE0D-DD2B-4103-82C2-87D8006D0F5A}.Debug|Any CPU.ActiveCfg = Debug|Any CPU
		{0C4BBE0D-DD2B-4103-82C2-87D8006D0F5A}.Debug|Any CPU.Build.0 = Debug|Any CPU
		{0C4BBE0D-DD2B-4103-82C2-87D8006D0F5A}.Release|Any CPU.ActiveCfg = Release|Any CPU
		{0C4BBE0D-DD2B-4103-82C2-87D8006D0F5A}.Release|Any CPU.Build.0 = Release|Any CPU
		{8E5B9AF6-1669-434D-AF58-51ED00BE5C70}.Debug|Any CPU.ActiveCfg = Debug|Any CPU
		{8E5B9AF6-1669-434D-AF58-51ED00BE5C70}.Debug|Any CPU.Build.0 = Debug|Any CPU
		{8E5B9AF6-1669-434D-AF58-51ED00BE5C70}.Release|Any CPU.ActiveCfg = Release|Any CPU
		{8E5B9AF6-1669-434D-AF58-51ED00BE5C70}.Release|Any CPU.Build.0 = Release|Any CPU
		{769D9F6D-A3B5-4AAD-A60B-BDCA34C589E1}.Debug|Any CPU.ActiveCfg = Debug|Any CPU
		{769D9F6D-A3B5-4AAD-A60B-BDCA34C589E1}.Debug|Any CPU.Build.0 = Debug|Any CPU
		{769D9F6D-A3B5-4AAD-A60B-BDCA34C589E1}.Release|Any CPU.ActiveCfg = Release|Any CPU
		{769D9F6D-A3B5-4AAD-A60B-BDCA34C589E1}.Release|Any CPU.Build.0 = Release|Any CPU
		{DE3A7914-EA13-408B-B041-7F484CA3650C}.Debug|Any CPU.ActiveCfg = Debug|Any CPU
		{DE3A7914-EA13-408B-B041-7F484CA3650C}.Debug|Any CPU.Build.0 = Debug|Any CPU
		{DE3A7914-EA13-408B-B041-7F484CA3650C}.Release|Any CPU.ActiveCfg = Release|Any CPU
		{DE3A7914-EA13-408B-B041-7F484CA3650C}.Release|Any CPU.Build.0 = Release|Any CPU
		{EB7A4A76-FB4C-42C3-9B86-55C3D9D420A9}.Debug|Any CPU.ActiveCfg = Debug|Any CPU
		{EB7A4A76-FB4C-42C3-9B86-55C3D9D420A9}.Debug|Any CPU.Build.0 = Debug|Any CPU
		{EB7A4A76-FB4C-42C3-9B86-55C3D9D420A9}.Release|Any CPU.ActiveCfg = Release|Any CPU
		{EB7A4A76-FB4C-42C3-9B86-55C3D9D420A9}.Release|Any CPU.Build.0 = Release|Any CPU
		{3B794D58-6D79-4CD6-BB3A-10E9A68FA7DE}.Debug|Any CPU.ActiveCfg = Debug|Any CPU
		{3B794D58-6D79-4CD6-BB3A-10E9A68FA7DE}.Debug|Any CPU.Build.0 = Debug|Any CPU
		{3B794D58-6D79-4CD6-BB3A-10E9A68FA7DE}.Release|Any CPU.ActiveCfg = Release|Any CPU
		{3B794D58-6D79-4CD6-BB3A-10E9A68FA7DE}.Release|Any CPU.Build.0 = Release|Any CPU
		{0EE80F21-DF08-4E2B-A35C-F3B0758EE002}.Debug|Any CPU.ActiveCfg = Debug|Any CPU
		{0EE80F21-DF08-4E2B-A35C-F3B0758EE002}.Debug|Any CPU.Build.0 = Debug|Any CPU
		{0EE80F21-DF08-4E2B-A35C-F3B0758EE002}.Release|Any CPU.ActiveCfg = Release|Any CPU
		{0EE80F21-DF08-4E2B-A35C-F3B0758EE002}.Release|Any CPU.Build.0 = Release|Any CPU
		{198BFC3B-F7DC-4C0C-9933-633DE4D6B122}.Debug|Any CPU.ActiveCfg = Debug|Any CPU
		{198BFC3B-F7DC-4C0C-9933-633DE4D6B122}.Debug|Any CPU.Build.0 = Debug|Any CPU
		{198BFC3B-F7DC-4C0C-9933-633DE4D6B122}.Release|Any CPU.ActiveCfg = Release|Any CPU
		{198BFC3B-F7DC-4C0C-9933-633DE4D6B122}.Release|Any CPU.Build.0 = Release|Any CPU
		{1B1782CD-1DFE-4817-ADF6-60EED0213747}.Debug|Any CPU.ActiveCfg = Debug|Any CPU
		{1B1782CD-1DFE-4817-ADF6-60EED0213747}.Debug|Any CPU.Build.0 = Debug|Any CPU
		{1B1782CD-1DFE-4817-ADF6-60EED0213747}.Release|Any CPU.ActiveCfg = Release|Any CPU
		{1B1782CD-1DFE-4817-ADF6-60EED0213747}.Release|Any CPU.Build.0 = Release|Any CPU
		{EE06224B-0DFA-4E90-870E-300F12283BDA}.Debug|Any CPU.ActiveCfg = Debug|Any CPU
		{EE06224B-0DFA-4E90-870E-300F12283BDA}.Debug|Any CPU.Build.0 = Debug|Any CPU
		{EE06224B-0DFA-4E90-870E-300F12283BDA}.Release|Any CPU.ActiveCfg = Release|Any CPU
		{EE06224B-0DFA-4E90-870E-300F12283BDA}.Release|Any CPU.Build.0 = Release|Any CPU
		{B68A08FF-9D6E-4AD7-9D76-EDED88B913F6}.Debug|Any CPU.ActiveCfg = Debug|Any CPU
		{B68A08FF-9D6E-4AD7-9D76-EDED88B913F6}.Debug|Any CPU.Build.0 = Debug|Any CPU
		{B68A08FF-9D6E-4AD7-9D76-EDED88B913F6}.Release|Any CPU.ActiveCfg = Release|Any CPU
		{B68A08FF-9D6E-4AD7-9D76-EDED88B913F6}.Release|Any CPU.Build.0 = Release|Any CPU
		{6A15CF7A-0935-4D1E-9AC7-C0CD531C9FC0}.Debug|Any CPU.ActiveCfg = Debug|Any CPU
		{6A15CF7A-0935-4D1E-9AC7-C0CD531C9FC0}.Debug|Any CPU.Build.0 = Debug|Any CPU
		{6A15CF7A-0935-4D1E-9AC7-C0CD531C9FC0}.Release|Any CPU.ActiveCfg = Release|Any CPU
		{6A15CF7A-0935-4D1E-9AC7-C0CD531C9FC0}.Release|Any CPU.Build.0 = Release|Any CPU
		{0FD3390E-BE8A-429A-9323-D42BD3F2BD63}.Debug|Any CPU.ActiveCfg = Debug|Any CPU
		{0FD3390E-BE8A-429A-9323-D42BD3F2BD63}.Debug|Any CPU.Build.0 = Debug|Any CPU
		{0FD3390E-BE8A-429A-9323-D42BD3F2BD63}.Release|Any CPU.ActiveCfg = Release|Any CPU
		{0FD3390E-BE8A-429A-9323-D42BD3F2BD63}.Release|Any CPU.Build.0 = Release|Any CPU
		{C0D73BD1-F9B5-4598-B889-CCD2145B2E49}.Debug|Any CPU.ActiveCfg = Debug|Any CPU
		{C0D73BD1-F9B5-4598-B889-CCD2145B2E49}.Debug|Any CPU.Build.0 = Debug|Any CPU
		{C0D73BD1-F9B5-4598-B889-CCD2145B2E49}.Release|Any CPU.ActiveCfg = Release|Any CPU
		{C0D73BD1-F9B5-4598-B889-CCD2145B2E49}.Release|Any CPU.Build.0 = Release|Any CPU
		{1C67D26C-D48F-4297-8165-B9CA6544CFFE}.Debug|Any CPU.ActiveCfg = Debug|Any CPU
		{1C67D26C-D48F-4297-8165-B9CA6544CFFE}.Debug|Any CPU.Build.0 = Debug|Any CPU
		{1C67D26C-D48F-4297-8165-B9CA6544CFFE}.Release|Any CPU.ActiveCfg = Release|Any CPU
		{1C67D26C-D48F-4297-8165-B9CA6544CFFE}.Release|Any CPU.Build.0 = Release|Any CPU
		{554C37B6-1889-415A-AF63-00F07877B9FC}.Debug|Any CPU.ActiveCfg = Debug|Any CPU
		{554C37B6-1889-415A-AF63-00F07877B9FC}.Debug|Any CPU.Build.0 = Debug|Any CPU
		{554C37B6-1889-415A-AF63-00F07877B9FC}.Release|Any CPU.ActiveCfg = Release|Any CPU
		{554C37B6-1889-415A-AF63-00F07877B9FC}.Release|Any CPU.Build.0 = Release|Any CPU
		{6A998472-DE58-4294-BCA6-90F4497B7EEA}.Debug|Any CPU.ActiveCfg = Debug|Any CPU
		{6A998472-DE58-4294-BCA6-90F4497B7EEA}.Debug|Any CPU.Build.0 = Debug|Any CPU
		{6A998472-DE58-4294-BCA6-90F4497B7EEA}.Release|Any CPU.ActiveCfg = Release|Any CPU
		{6A998472-DE58-4294-BCA6-90F4497B7EEA}.Release|Any CPU.Build.0 = Release|Any CPU
		{76ECBF2B-6211-4394-B966-4FDAE92A73FA}.Debug|Any CPU.ActiveCfg = Debug|Any CPU
		{76ECBF2B-6211-4394-B966-4FDAE92A73FA}.Debug|Any CPU.Build.0 = Debug|Any CPU
		{76ECBF2B-6211-4394-B966-4FDAE92A73FA}.Release|Any CPU.ActiveCfg = Release|Any CPU
		{76ECBF2B-6211-4394-B966-4FDAE92A73FA}.Release|Any CPU.Build.0 = Release|Any CPU
		{68D90DEF-D2FE-453C-A243-2F4AD44E5D6D}.Debug|Any CPU.ActiveCfg = Debug|Any CPU
		{68D90DEF-D2FE-453C-A243-2F4AD44E5D6D}.Debug|Any CPU.Build.0 = Debug|Any CPU
		{68D90DEF-D2FE-453C-A243-2F4AD44E5D6D}.Release|Any CPU.ActiveCfg = Release|Any CPU
		{68D90DEF-D2FE-453C-A243-2F4AD44E5D6D}.Release|Any CPU.Build.0 = Release|Any CPU
		{18E9A73A-3E86-468E-B0F3-CEF1427F5380}.Debug|Any CPU.ActiveCfg = Debug|Any CPU
		{18E9A73A-3E86-468E-B0F3-CEF1427F5380}.Debug|Any CPU.Build.0 = Debug|Any CPU
		{18E9A73A-3E86-468E-B0F3-CEF1427F5380}.Release|Any CPU.ActiveCfg = Release|Any CPU
		{18E9A73A-3E86-468E-B0F3-CEF1427F5380}.Release|Any CPU.Build.0 = Release|Any CPU
		{4B4BF921-40CA-4DDC-9715-B9A96A920768}.Debug|Any CPU.ActiveCfg = Debug|Any CPU
		{4B4BF921-40CA-4DDC-9715-B9A96A920768}.Debug|Any CPU.Build.0 = Debug|Any CPU
		{4B4BF921-40CA-4DDC-9715-B9A96A920768}.Release|Any CPU.ActiveCfg = Release|Any CPU
		{4B4BF921-40CA-4DDC-9715-B9A96A920768}.Release|Any CPU.Build.0 = Release|Any CPU
		{6B0B8E6F-E933-41AA-A3CE-36E8CCAB4CB9}.Debug|Any CPU.ActiveCfg = Debug|Any CPU
		{6B0B8E6F-E933-41AA-A3CE-36E8CCAB4CB9}.Debug|Any CPU.Build.0 = Debug|Any CPU
		{6B0B8E6F-E933-41AA-A3CE-36E8CCAB4CB9}.Release|Any CPU.ActiveCfg = Release|Any CPU
		{6B0B8E6F-E933-41AA-A3CE-36E8CCAB4CB9}.Release|Any CPU.Build.0 = Release|Any CPU
		{0AFFC645-CA1C-4D35-B6D9-31FE7E78D61E}.Debug|Any CPU.ActiveCfg = Debug|Any CPU
		{0AFFC645-CA1C-4D35-B6D9-31FE7E78D61E}.Debug|Any CPU.Build.0 = Debug|Any CPU
		{0AFFC645-CA1C-4D35-B6D9-31FE7E78D61E}.Release|Any CPU.ActiveCfg = Release|Any CPU
		{0AFFC645-CA1C-4D35-B6D9-31FE7E78D61E}.Release|Any CPU.Build.0 = Release|Any CPU
		{F8D7228E-1558-42CD-B036-B3DECFCC4C0F}.Debug|Any CPU.ActiveCfg = Debug|Any CPU
		{F8D7228E-1558-42CD-B036-B3DECFCC4C0F}.Debug|Any CPU.Build.0 = Debug|Any CPU
		{F8D7228E-1558-42CD-B036-B3DECFCC4C0F}.Release|Any CPU.ActiveCfg = Release|Any CPU
		{F8D7228E-1558-42CD-B036-B3DECFCC4C0F}.Release|Any CPU.Build.0 = Release|Any CPU
		{3588D061-D8A9-49CD-A153-8E101670B78C}.Debug|Any CPU.ActiveCfg = Debug|Any CPU
		{3588D061-D8A9-49CD-A153-8E101670B78C}.Debug|Any CPU.Build.0 = Debug|Any CPU
		{3588D061-D8A9-49CD-A153-8E101670B78C}.Release|Any CPU.ActiveCfg = Release|Any CPU
		{3588D061-D8A9-49CD-A153-8E101670B78C}.Release|Any CPU.Build.0 = Release|Any CPU
		{CF67151D-ADD8-4394-978D-2D8A05EA944B}.Debug|Any CPU.ActiveCfg = Debug|Any CPU
		{CF67151D-ADD8-4394-978D-2D8A05EA944B}.Debug|Any CPU.Build.0 = Debug|Any CPU
		{CF67151D-ADD8-4394-978D-2D8A05EA944B}.Release|Any CPU.ActiveCfg = Release|Any CPU
		{CF67151D-ADD8-4394-978D-2D8A05EA944B}.Release|Any CPU.Build.0 = Release|Any CPU
		{C687BA04-F277-45B9-A3EB-CFB4DBB27C3F}.Debug|Any CPU.ActiveCfg = Debug|Any CPU
		{C687BA04-F277-45B9-A3EB-CFB4DBB27C3F}.Debug|Any CPU.Build.0 = Debug|Any CPU
		{C687BA04-F277-45B9-A3EB-CFB4DBB27C3F}.Release|Any CPU.ActiveCfg = Release|Any CPU
		{C687BA04-F277-45B9-A3EB-CFB4DBB27C3F}.Release|Any CPU.Build.0 = Release|Any CPU
		{968E93BB-4137-42AC-8E5A-FF1DAC10C3D1}.Debug|Any CPU.ActiveCfg = Debug|Any CPU
		{968E93BB-4137-42AC-8E5A-FF1DAC10C3D1}.Debug|Any CPU.Build.0 = Debug|Any CPU
		{968E93BB-4137-42AC-8E5A-FF1DAC10C3D1}.Release|Any CPU.ActiveCfg = Release|Any CPU
		{968E93BB-4137-42AC-8E5A-FF1DAC10C3D1}.Release|Any CPU.Build.0 = Release|Any CPU
		{364F3AE0-B107-4F40-BDC8-1534873C5479}.Debug|Any CPU.ActiveCfg = Debug|Any CPU
		{364F3AE0-B107-4F40-BDC8-1534873C5479}.Debug|Any CPU.Build.0 = Debug|Any CPU
		{364F3AE0-B107-4F40-BDC8-1534873C5479}.Release|Any CPU.ActiveCfg = Release|Any CPU
		{364F3AE0-B107-4F40-BDC8-1534873C5479}.Release|Any CPU.Build.0 = Release|Any CPU
		{161940DE-2C64-43E0-9981-F21869532C22}.Debug|Any CPU.ActiveCfg = Debug|Any CPU
		{161940DE-2C64-43E0-9981-F21869532C22}.Debug|Any CPU.Build.0 = Debug|Any CPU
		{161940DE-2C64-43E0-9981-F21869532C22}.Release|Any CPU.ActiveCfg = Release|Any CPU
		{161940DE-2C64-43E0-9981-F21869532C22}.Release|Any CPU.Build.0 = Release|Any CPU
		{422F807F-ADAE-44EA-BF2E-A46C32934A55}.Debug|Any CPU.ActiveCfg = Debug|Any CPU
		{422F807F-ADAE-44EA-BF2E-A46C32934A55}.Debug|Any CPU.Build.0 = Debug|Any CPU
		{422F807F-ADAE-44EA-BF2E-A46C32934A55}.Release|Any CPU.ActiveCfg = Release|Any CPU
		{422F807F-ADAE-44EA-BF2E-A46C32934A55}.Release|Any CPU.Build.0 = Release|Any CPU
		{19EB2B86-650E-449B-830F-4E667C7FB835}.Debug|Any CPU.ActiveCfg = Debug|Any CPU
		{19EB2B86-650E-449B-830F-4E667C7FB835}.Debug|Any CPU.Build.0 = Debug|Any CPU
		{19EB2B86-650E-449B-830F-4E667C7FB835}.Release|Any CPU.ActiveCfg = Release|Any CPU
		{19EB2B86-650E-449B-830F-4E667C7FB835}.Release|Any CPU.Build.0 = Release|Any CPU
		{00DA0AB8-47E4-4608-BB3D-F0DA3E5A076A}.Debug|Any CPU.ActiveCfg = Debug|Any CPU
		{00DA0AB8-47E4-4608-BB3D-F0DA3E5A076A}.Debug|Any CPU.Build.0 = Debug|Any CPU
		{00DA0AB8-47E4-4608-BB3D-F0DA3E5A076A}.Release|Any CPU.ActiveCfg = Release|Any CPU
		{00DA0AB8-47E4-4608-BB3D-F0DA3E5A076A}.Release|Any CPU.Build.0 = Release|Any CPU
		{E87009E0-800F-4EC4-A2B9-7CDFDD0F6ABE}.Debug|Any CPU.ActiveCfg = Debug|Any CPU
		{E87009E0-800F-4EC4-A2B9-7CDFDD0F6ABE}.Debug|Any CPU.Build.0 = Debug|Any CPU
		{E87009E0-800F-4EC4-A2B9-7CDFDD0F6ABE}.Release|Any CPU.ActiveCfg = Release|Any CPU
		{E87009E0-800F-4EC4-A2B9-7CDFDD0F6ABE}.Release|Any CPU.Build.0 = Release|Any CPU
		{19BBDAD4-77D1-4006-96E8-6C5B9ED80AE7}.Debug|Any CPU.ActiveCfg = Debug|Any CPU
		{19BBDAD4-77D1-4006-96E8-6C5B9ED80AE7}.Debug|Any CPU.Build.0 = Debug|Any CPU
		{19BBDAD4-77D1-4006-96E8-6C5B9ED80AE7}.Release|Any CPU.ActiveCfg = Release|Any CPU
		{19BBDAD4-77D1-4006-96E8-6C5B9ED80AE7}.Release|Any CPU.Build.0 = Release|Any CPU
		{94CB9E39-9D5A-4BF6-BF25-4115E01854F7}.Debug|Any CPU.ActiveCfg = Debug|Any CPU
		{94CB9E39-9D5A-4BF6-BF25-4115E01854F7}.Debug|Any CPU.Build.0 = Debug|Any CPU
		{94CB9E39-9D5A-4BF6-BF25-4115E01854F7}.Release|Any CPU.ActiveCfg = Release|Any CPU
		{94CB9E39-9D5A-4BF6-BF25-4115E01854F7}.Release|Any CPU.Build.0 = Release|Any CPU
		{DDEB26ED-306C-48D4-A3FE-80623CC5E0EC}.Debug|Any CPU.ActiveCfg = Debug|Any CPU
		{DDEB26ED-306C-48D4-A3FE-80623CC5E0EC}.Debug|Any CPU.Build.0 = Debug|Any CPU
		{DDEB26ED-306C-48D4-A3FE-80623CC5E0EC}.Release|Any CPU.ActiveCfg = Release|Any CPU
		{DDEB26ED-306C-48D4-A3FE-80623CC5E0EC}.Release|Any CPU.Build.0 = Release|Any CPU
		{8B52F96E-C9C4-4D79-B114-C169424346CD}.Debug|Any CPU.ActiveCfg = Debug|Any CPU
		{8B52F96E-C9C4-4D79-B114-C169424346CD}.Debug|Any CPU.Build.0 = Debug|Any CPU
		{8B52F96E-C9C4-4D79-B114-C169424346CD}.Release|Any CPU.ActiveCfg = Release|Any CPU
		{8B52F96E-C9C4-4D79-B114-C169424346CD}.Release|Any CPU.Build.0 = Release|Any CPU
		{CD0E3E0B-71C0-4491-8032-4AFA390A7337}.Debug|Any CPU.ActiveCfg = Debug|Any CPU
		{CD0E3E0B-71C0-4491-8032-4AFA390A7337}.Debug|Any CPU.Build.0 = Debug|Any CPU
		{CD0E3E0B-71C0-4491-8032-4AFA390A7337}.Release|Any CPU.ActiveCfg = Release|Any CPU
		{CD0E3E0B-71C0-4491-8032-4AFA390A7337}.Release|Any CPU.Build.0 = Release|Any CPU
		{A4F63E93-BA0B-4C06-8ADD-38CD8810BE1E}.Debug|Any CPU.ActiveCfg = Debug|Any CPU
		{A4F63E93-BA0B-4C06-8ADD-38CD8810BE1E}.Debug|Any CPU.Build.0 = Debug|Any CPU
		{A4F63E93-BA0B-4C06-8ADD-38CD8810BE1E}.Release|Any CPU.ActiveCfg = Release|Any CPU
		{A4F63E93-BA0B-4C06-8ADD-38CD8810BE1E}.Release|Any CPU.Build.0 = Release|Any CPU
		{14AF8BD3-4CB0-4839-B30E-36D4AFAC7D9D}.Debug|Any CPU.ActiveCfg = Debug|Any CPU
		{14AF8BD3-4CB0-4839-B30E-36D4AFAC7D9D}.Debug|Any CPU.Build.0 = Debug|Any CPU
		{14AF8BD3-4CB0-4839-B30E-36D4AFAC7D9D}.Release|Any CPU.ActiveCfg = Release|Any CPU
		{14AF8BD3-4CB0-4839-B30E-36D4AFAC7D9D}.Release|Any CPU.Build.0 = Release|Any CPU
		{61B39C56-9935-4743-B807-D17FB590756F}.Debug|Any CPU.ActiveCfg = Debug|Any CPU
		{61B39C56-9935-4743-B807-D17FB590756F}.Debug|Any CPU.Build.0 = Debug|Any CPU
		{61B39C56-9935-4743-B807-D17FB590756F}.Release|Any CPU.ActiveCfg = Release|Any CPU
		{61B39C56-9935-4743-B807-D17FB590756F}.Release|Any CPU.Build.0 = Release|Any CPU
		{F225E929-A90C-483F-A251-BC5C2218A783}.Debug|Any CPU.ActiveCfg = Debug|Any CPU
		{F225E929-A90C-483F-A251-BC5C2218A783}.Debug|Any CPU.Build.0 = Debug|Any CPU
		{F225E929-A90C-483F-A251-BC5C2218A783}.Release|Any CPU.ActiveCfg = Release|Any CPU
		{F225E929-A90C-483F-A251-BC5C2218A783}.Release|Any CPU.Build.0 = Release|Any CPU
		{EFF8402F-E599-44EE-8677-0C83DAEB1DA3}.Debug|Any CPU.ActiveCfg = Debug|Any CPU
		{EFF8402F-E599-44EE-8677-0C83DAEB1DA3}.Debug|Any CPU.Build.0 = Debug|Any CPU
		{EFF8402F-E599-44EE-8677-0C83DAEB1DA3}.Release|Any CPU.ActiveCfg = Release|Any CPU
		{EFF8402F-E599-44EE-8677-0C83DAEB1DA3}.Release|Any CPU.Build.0 = Release|Any CPU
	EndGlobalSection
	GlobalSection(SolutionProperties) = preSolution
		HideSolutionNode = FALSE
	EndGlobalSection
	GlobalSection(ExtensibilityGlobals) = postSolution
		SolutionGuid = {AED5367B-686D-4B58-A551-E8477EC6E85A}
	EndGlobalSection
EndGlobal
