
Microsoft Visual Studio Solution File, Format Version 12.00
# Visual Studio 15
VisualStudioVersion = 15.0.28307.136
MinimumVisualStudioVersion = 10.0.40219.1
Project("{FAE04EC0-301F-11D3-BF4B-00C04F79EFBC}") = "HinxCor.Drawing", "HinxCor.Drawing\HinxCor.Drawing.csproj", "{8633C550-7DB0-4DCC-A92B-547B5D2B765F}"
EndProject
Project("{FAE04EC0-301F-11D3-BF4B-00C04F79EFBC}") = "_fullscpicdisplayer", "_fullscpicdisplayer\_fullscpicdisplayer.csproj", "{8780F9E5-6E59-4EEF-B9BF-12D23E77C528}"
EndProject
Project("{FAE04EC0-301F-11D3-BF4B-00C04F79EFBC}") = "HinxCor.CryptoSer", "HinxCor.CryptoSer\HinxCor.CryptoSer.csproj", "{370930C9-8D54-4284-8E7B-4497CBDE4927}"
EndProject
Project("{FAE04EC0-301F-11D3-BF4B-00C04F79EFBC}") = "HinxCor.Network", "HinxCor.Network\HinxCor.Network.csproj", "{88EA3892-4A76-4E38-8F2E-340C9F052315}"
EndProject
Project("{FAE04EC0-301F-11D3-BF4B-00C04F79EFBC}") = "HinxCor", "HinxCor\HinxCor.csproj", "{A5109C8C-BF97-4E53-AB77-CF9CD6D8405C}"
EndProject
Project("{FAE04EC0-301F-11D3-BF4B-00C04F79EFBC}") = "HinxCor.CompressionDot45", "HinxCor.CompressionDot45\HinxCor.CompressionDot45.csproj", "{22A03DC6-EFB8-4289-961E-4317BA25C1D1}"
EndProject
Project("{FAE04EC0-301F-11D3-BF4B-00C04F79EFBC}") = "OtherWindowStateController", "OtherWindowStateController\OtherWindowStateController.csproj", "{EA26430C-7AF6-4152-9523-0BD5F6AE6A74}"
EndProject
Project("{FAE04EC0-301F-11D3-BF4B-00C04F79EFBC}") = "_ffpixable", "_ffpixable\_ffpixable.csproj", "{70F95E64-70B6-40DE-81E7-6FFE51A2DEDD}"
EndProject
Project("{FAE04EC0-301F-11D3-BF4B-00C04F79EFBC}") = "_TestZipFilePassword", "_TestZipFilePassword\_TestZipFilePassword.csproj", "{74A59CDD-E481-4446-85F6-75322119DAEE}"
EndProject
Project("{FAE04EC0-301F-11D3-BF4B-00C04F79EFBC}") = "HinxCor.Rendering", "HinxCor.Rendering\HinxCor.Rendering.csproj", "{5EFA8522-5472-4FFB-927C-EE083AE18F27}"
EndProject
Project("{FAE04EC0-301F-11D3-BF4B-00C04F79EFBC}") = "DemoApp", "DemoApp\DemoApp.csproj", "{03304E3E-6FC2-4FF8-A808-EE02CC614FEB}"
EndProject
Project("{FAE04EC0-301F-11D3-BF4B-00C04F79EFBC}") = "ApplicationLauncher", "ApplicationLauncher\ApplicationLauncher.csproj", "{84D69CBD-446C-49B0-B986-B20B21EE08F8}"
EndProject
Project("{FAE04EC0-301F-11D3-BF4B-00C04F79EFBC}") = "HT_ScreenDrawer", "HT_ScreenDrawer\HT_ScreenDrawer.csproj", "{F092A636-6DB9-4C31-9150-2C6534F18B62}"
EndProject
Project("{FAE04EC0-301F-11D3-BF4B-00C04F79EFBC}") = "demo_CompilerByHinxCor", "demo_CompilerByHinxCor\demo_CompilerByHinxCor.csproj", "{30CF8FDF-DE27-4795-8A4F-5F9DD6A34B13}"
EndProject
Project("{FAE04EC0-301F-11D3-BF4B-00C04F79EFBC}") = "DemoSharpFont", "DemoSharpFont\DemoSharpFont.csproj", "{6482AE3C-EB5F-44E3-BAAD-FC8AFDA5D957}"
EndProject
Project("{FAE04EC0-301F-11D3-BF4B-00C04F79EFBC}") = "_UDPClientServer", "_UDPClientServer\_UDPClientServer.csproj", "{EF5868FE-6294-4AF1-96F0-02614326B7D7}"
EndProject
Project("{FAE04EC0-301F-11D3-BF4B-00C04F79EFBC}") = "_UDPTextSender", "_UDPTextSender\_UDPTextSender.csproj", "{09D9607C-D09E-45F3-85C2-9760474819BB}"
EndProject
Project("{FAE04EC0-301F-11D3-BF4B-00C04F79EFBC}") = "_printargs", "_printargs\_printargs.csproj", "{50FDCD0D-0B2F-4B9D-8C41-0779BA67087F}"
EndProject
Project("{FAE04EC0-301F-11D3-BF4B-00C04F79EFBC}") = "DCARE", "_self_pack_and_extracting\DCARE\DCARE.csproj", "{3A763731-4F92-4E70-85A3-5D44AA4AD6D7}"
EndProject
Project("{FAE04EC0-301F-11D3-BF4B-00C04F79EFBC}") = "_fast_fetch_imagesfrom_amizez", "_fast_fetch_imagesfrom_amizez\_fast_fetch_imagesfrom_amizez.csproj", "{0C4BBE0D-DD2B-4103-82C2-87D8006D0F5A}"
EndProject
Project("{FAE04EC0-301F-11D3-BF4B-00C04F79EFBC}") = "DemoCrc", "DemoCrc\DemoCrc.csproj", "{8E5B9AF6-1669-434D-AF58-51ED00BE5C70}"
EndProject
Project("{FAE04EC0-301F-11D3-BF4B-00C04F79EFBC}") = "_demo_login_register_to_animz", "_demo_login_register_to_animz\_demo_login_register_to_animz.csproj", "{769D9F6D-A3B5-4AAD-A60B-BDCA34C589E1}"
EndProject
Project("{FAE04EC0-301F-11D3-BF4B-00C04F79EFBC}") = "ImageViewer", "ImageViewer\ImageViewer.csproj", "{DE3A7914-EA13-408B-B041-7F484CA3650C}"
EndProject
Project("{FAE04EC0-301F-11D3-BF4B-00C04F79EFBC}") = "_demo_emgucv", "_demo_emgucv\_demo_emgucv.csproj", "{EB7A4A76-FB4C-42C3-9B86-55C3D9D420A9}"
EndProject
Project("{FAE04EC0-301F-11D3-BF4B-00C04F79EFBC}") = "_demo_thumbnailcsharp", "_demo_thumbnailcsharp\_demo_thumbnailcsharp.csproj", "{3B794D58-6D79-4CD6-BB3A-10E9A68FA7DE}"
EndProject
Project("{FAE04EC0-301F-11D3-BF4B-00C04F79EFBC}") = "HinxCor.Thumbnail", "HinxCor.Thumbnail\HinxCor.Thumbnail.csproj", "{0EE80F21-DF08-4E2B-A35C-F3B0758EE002}"
EndProject
Global
	GlobalSection(SolutionConfigurationPlatforms) = preSolution
		Debug|Any CPU = Debug|Any CPU
		Release|Any CPU = Release|Any CPU
	EndGlobalSection
	GlobalSection(ProjectConfigurationPlatforms) = postSolution
		{8633C550-7DB0-4DCC-A92B-547B5D2B765F}.Debug|Any CPU.ActiveCfg = Debug|Any CPU
		{8633C550-7DB0-4DCC-A92B-547B5D2B765F}.Debug|Any CPU.Build.0 = Debug|Any CPU
		{8633C550-7DB0-4DCC-A92B-547B5D2B765F}.Release|Any CPU.ActiveCfg = Release|Any CPU
		{8633C550-7DB0-4DCC-A92B-547B5D2B765F}.Release|Any CPU.Build.0 = Release|Any CPU
		{8780F9E5-6E59-4EEF-B9BF-12D23E77C528}.Debug|Any CPU.ActiveCfg = Release|Any CPU
		{8780F9E5-6E59-4EEF-B9BF-12D23E77C528}.Debug|Any CPU.Build.0 = Release|Any CPU
		{8780F9E5-6E59-4EEF-B9BF-12D23E77C528}.Release|Any CPU.ActiveCfg = Release|Any CPU
		{8780F9E5-6E59-4EEF-B9BF-12D23E77C528}.Release|Any CPU.Build.0 = Release|Any CPU
		{370930C9-8D54-4284-8E7B-4497CBDE4927}.Debug|Any CPU.ActiveCfg = Debug|Any CPU
		{370930C9-8D54-4284-8E7B-4497CBDE4927}.Debug|Any CPU.Build.0 = Debug|Any CPU
		{370930C9-8D54-4284-8E7B-4497CBDE4927}.Release|Any CPU.ActiveCfg = Release|Any CPU
		{370930C9-8D54-4284-8E7B-4497CBDE4927}.Release|Any CPU.Build.0 = Release|Any CPU
		{88EA3892-4A76-4E38-8F2E-340C9F052315}.Debug|Any CPU.ActiveCfg = Debug|Any CPU
		{88EA3892-4A76-4E38-8F2E-340C9F052315}.Debug|Any CPU.Build.0 = Debug|Any CPU
		{88EA3892-4A76-4E38-8F2E-340C9F052315}.Release|Any CPU.ActiveCfg = Release|Any CPU
		{88EA3892-4A76-4E38-8F2E-340C9F052315}.Release|Any CPU.Build.0 = Release|Any CPU
		{A5109C8C-BF97-4E53-AB77-CF9CD6D8405C}.Debug|Any CPU.ActiveCfg = Debug|Any CPU
		{A5109C8C-BF97-4E53-AB77-CF9CD6D8405C}.Debug|Any CPU.Build.0 = Debug|Any CPU
		{A5109C8C-BF97-4E53-AB77-CF9CD6D8405C}.Release|Any CPU.ActiveCfg = Release|Any CPU
		{A5109C8C-BF97-4E53-AB77-CF9CD6D8405C}.Release|Any CPU.Build.0 = Release|Any CPU
		{22A03DC6-EFB8-4289-961E-4317BA25C1D1}.Debug|Any CPU.ActiveCfg = Debug|Any CPU
		{22A03DC6-EFB8-4289-961E-4317BA25C1D1}.Debug|Any CPU.Build.0 = Debug|Any CPU
		{22A03DC6-EFB8-4289-961E-4317BA25C1D1}.Release|Any CPU.ActiveCfg = Release|Any CPU
		{22A03DC6-EFB8-4289-961E-4317BA25C1D1}.Release|Any CPU.Build.0 = Release|Any CPU
		{EA26430C-7AF6-4152-9523-0BD5F6AE6A74}.Debug|Any CPU.ActiveCfg = Release|Any CPU
		{EA26430C-7AF6-4152-9523-0BD5F6AE6A74}.Debug|Any CPU.Build.0 = Release|Any CPU
		{EA26430C-7AF6-4152-9523-0BD5F6AE6A74}.Release|Any CPU.ActiveCfg = Release|Any CPU
		{EA26430C-7AF6-4152-9523-0BD5F6AE6A74}.Release|Any CPU.Build.0 = Release|Any CPU
		{70F95E64-70B6-40DE-81E7-6FFE51A2DEDD}.Debug|Any CPU.ActiveCfg = Release|Any CPU
		{70F95E64-70B6-40DE-81E7-6FFE51A2DEDD}.Debug|Any CPU.Build.0 = Release|Any CPU
		{70F95E64-70B6-40DE-81E7-6FFE51A2DEDD}.Release|Any CPU.ActiveCfg = Release|Any CPU
		{70F95E64-70B6-40DE-81E7-6FFE51A2DEDD}.Release|Any CPU.Build.0 = Release|Any CPU
		{74A59CDD-E481-4446-85F6-75322119DAEE}.Debug|Any CPU.ActiveCfg = Release|Any CPU
		{74A59CDD-E481-4446-85F6-75322119DAEE}.Debug|Any CPU.Build.0 = Release|Any CPU
		{74A59CDD-E481-4446-85F6-75322119DAEE}.Release|Any CPU.ActiveCfg = Release|Any CPU
		{74A59CDD-E481-4446-85F6-75322119DAEE}.Release|Any CPU.Build.0 = Release|Any CPU
		{5EFA8522-5472-4FFB-927C-EE083AE18F27}.Debug|Any CPU.ActiveCfg = Debug|Any CPU
		{5EFA8522-5472-4FFB-927C-EE083AE18F27}.Debug|Any CPU.Build.0 = Debug|Any CPU
		{5EFA8522-5472-4FFB-927C-EE083AE18F27}.Release|Any CPU.ActiveCfg = Release|Any CPU
		{5EFA8522-5472-4FFB-927C-EE083AE18F27}.Release|Any CPU.Build.0 = Release|Any CPU
		{03304E3E-6FC2-4FF8-A808-EE02CC614FEB}.Debug|Any CPU.ActiveCfg = Debug|Any CPU
		{03304E3E-6FC2-4FF8-A808-EE02CC614FEB}.Debug|Any CPU.Build.0 = Debug|Any CPU
		{03304E3E-6FC2-4FF8-A808-EE02CC614FEB}.Release|Any CPU.ActiveCfg = Release|Any CPU
		{03304E3E-6FC2-4FF8-A808-EE02CC614FEB}.Release|Any CPU.Build.0 = Release|Any CPU
		{84D69CBD-446C-49B0-B986-B20B21EE08F8}.Debug|Any CPU.ActiveCfg = Release|Any CPU
		{84D69CBD-446C-49B0-B986-B20B21EE08F8}.Debug|Any CPU.Build.0 = Release|Any CPU
		{84D69CBD-446C-49B0-B986-B20B21EE08F8}.Release|Any CPU.ActiveCfg = Release|Any CPU
		{84D69CBD-446C-49B0-B986-B20B21EE08F8}.Release|Any CPU.Build.0 = Release|Any CPU
		{F092A636-6DB9-4C31-9150-2C6534F18B62}.Debug|Any CPU.ActiveCfg = Release|Any CPU
		{F092A636-6DB9-4C31-9150-2C6534F18B62}.Debug|Any CPU.Build.0 = Release|Any CPU
		{F092A636-6DB9-4C31-9150-2C6534F18B62}.Release|Any CPU.ActiveCfg = Release|Any CPU
		{F092A636-6DB9-4C31-9150-2C6534F18B62}.Release|Any CPU.Build.0 = Release|Any CPU
		{30CF8FDF-DE27-4795-8A4F-5F9DD6A34B13}.Debug|Any CPU.ActiveCfg = Release|Any CPU
		{30CF8FDF-DE27-4795-8A4F-5F9DD6A34B13}.Debug|Any CPU.Build.0 = Release|Any CPU
		{30CF8FDF-DE27-4795-8A4F-5F9DD6A34B13}.Release|Any CPU.ActiveCfg = Release|Any CPU
		{30CF8FDF-DE27-4795-8A4F-5F9DD6A34B13}.Release|Any CPU.Build.0 = Release|Any CPU
		{6482AE3C-EB5F-44E3-BAAD-FC8AFDA5D957}.Debug|Any CPU.ActiveCfg = Debug|Any CPU
		{6482AE3C-EB5F-44E3-BAAD-FC8AFDA5D957}.Debug|Any CPU.Build.0 = Debug|Any CPU
		{6482AE3C-EB5F-44E3-BAAD-FC8AFDA5D957}.Release|Any CPU.ActiveCfg = Release|Any CPU
		{6482AE3C-EB5F-44E3-BAAD-FC8AFDA5D957}.Release|Any CPU.Build.0 = Release|Any CPU
		{EF5868FE-6294-4AF1-96F0-02614326B7D7}.Debug|Any CPU.ActiveCfg = Debug|Any CPU
		{EF5868FE-6294-4AF1-96F0-02614326B7D7}.Debug|Any CPU.Build.0 = Debug|Any CPU
		{EF5868FE-6294-4AF1-96F0-02614326B7D7}.Release|Any CPU.ActiveCfg = Release|Any CPU
		{EF5868FE-6294-4AF1-96F0-02614326B7D7}.Release|Any CPU.Build.0 = Release|Any CPU
		{09D9607C-D09E-45F3-85C2-9760474819BB}.Debug|Any CPU.ActiveCfg = Debug|Any CPU
		{09D9607C-D09E-45F3-85C2-9760474819BB}.Debug|Any CPU.Build.0 = Debug|Any CPU
		{09D9607C-D09E-45F3-85C2-9760474819BB}.Release|Any CPU.ActiveCfg = Release|Any CPU
		{09D9607C-D09E-45F3-85C2-9760474819BB}.Release|Any CPU.Build.0 = Release|Any CPU
		{50FDCD0D-0B2F-4B9D-8C41-0779BA67087F}.Debug|Any CPU.ActiveCfg = Debug|Any CPU
		{50FDCD0D-0B2F-4B9D-8C41-0779BA67087F}.Debug|Any CPU.Build.0 = Debug|Any CPU
		{50FDCD0D-0B2F-4B9D-8C41-0779BA67087F}.Release|Any CPU.ActiveCfg = Release|Any CPU
		{50FDCD0D-0B2F-4B9D-8C41-0779BA67087F}.Release|Any CPU.Build.0 = Release|Any CPU
		{3A763731-4F92-4E70-85A3-5D44AA4AD6D7}.Debug|Any CPU.ActiveCfg = Debug|Any CPU
		{3A763731-4F92-4E70-85A3-5D44AA4AD6D7}.Debug|Any CPU.Build.0 = Debug|Any CPU
		{3A763731-4F92-4E70-85A3-5D44AA4AD6D7}.Release|Any CPU.ActiveCfg = Release|Any CPU
		{3A763731-4F92-4E70-85A3-5D44AA4AD6D7}.Release|Any CPU.Build.0 = Release|Any CPU
		{0C4BBE0D-DD2B-4103-82C2-87D8006D0F5A}.Debug|Any CPU.ActiveCfg = Debug|Any CPU
		{0C4BBE0D-DD2B-4103-82C2-87D8006D0F5A}.Debug|Any CPU.Build.0 = Debug|Any CPU
		{0C4BBE0D-DD2B-4103-82C2-87D8006D0F5A}.Release|Any CPU.ActiveCfg = Release|Any CPU
		{0C4BBE0D-DD2B-4103-82C2-87D8006D0F5A}.Release|Any CPU.Build.0 = Release|Any CPU
		{8E5B9AF6-1669-434D-AF58-51ED00BE5C70}.Debug|Any CPU.ActiveCfg = Debug|Any CPU
		{8E5B9AF6-1669-434D-AF58-51ED00BE5C70}.Debug|Any CPU.Build.0 = Debug|Any CPU
		{8E5B9AF6-1669-434D-AF58-51ED00BE5C70}.Release|Any CPU.ActiveCfg = Release|Any CPU
		{8E5B9AF6-1669-434D-AF58-51ED00BE5C70}.Release|Any CPU.Build.0 = Release|Any CPU
		{769D9F6D-A3B5-4AAD-A60B-BDCA34C589E1}.Debug|Any CPU.ActiveCfg = Debug|Any CPU
		{769D9F6D-A3B5-4AAD-A60B-BDCA34C589E1}.Debug|Any CPU.Build.0 = Debug|Any CPU
		{769D9F6D-A3B5-4AAD-A60B-BDCA34C589E1}.Release|Any CPU.ActiveCfg = Release|Any CPU
		{769D9F6D-A3B5-4AAD-A60B-BDCA34C589E1}.Release|Any CPU.Build.0 = Release|Any CPU
		{DE3A7914-EA13-408B-B041-7F484CA3650C}.Debug|Any CPU.ActiveCfg = Debug|Any CPU
		{DE3A7914-EA13-408B-B041-7F484CA3650C}.Debug|Any CPU.Build.0 = Debug|Any CPU
		{DE3A7914-EA13-408B-B041-7F484CA3650C}.Release|Any CPU.ActiveCfg = Release|Any CPU
		{DE3A7914-EA13-408B-B041-7F484CA3650C}.Release|Any CPU.Build.0 = Release|Any CPU
		{EB7A4A76-FB4C-42C3-9B86-55C3D9D420A9}.Debug|Any CPU.ActiveCfg = Debug|Any CPU
		{EB7A4A76-FB4C-42C3-9B86-55C3D9D420A9}.Debug|Any CPU.Build.0 = Debug|Any CPU
		{EB7A4A76-FB4C-42C3-9B86-55C3D9D420A9}.Release|Any CPU.ActiveCfg = Release|Any CPU
		{EB7A4A76-FB4C-42C3-9B86-55C3D9D420A9}.Release|Any CPU.Build.0 = Release|Any CPU
		{3B794D58-6D79-4CD6-BB3A-10E9A68FA7DE}.Debug|Any CPU.ActiveCfg = Debug|Any CPU
		{3B794D58-6D79-4CD6-BB3A-10E9A68FA7DE}.Debug|Any CPU.Build.0 = Debug|Any CPU
		{3B794D58-6D79-4CD6-BB3A-10E9A68FA7DE}.Release|Any CPU.ActiveCfg = Release|Any CPU
		{3B794D58-6D79-4CD6-BB3A-10E9A68FA7DE}.Release|Any CPU.Build.0 = Release|Any CPU
		{0EE80F21-DF08-4E2B-A35C-F3B0758EE002}.Debug|Any CPU.ActiveCfg = Debug|Any CPU
		{0EE80F21-DF08-4E2B-A35C-F3B0758EE002}.Debug|Any CPU.Build.0 = Debug|Any CPU
		{0EE80F21-DF08-4E2B-A35C-F3B0758EE002}.Release|Any CPU.ActiveCfg = Release|Any CPU
		{0EE80F21-DF08-4E2B-A35C-F3B0758EE002}.Release|Any CPU.Build.0 = Release|Any CPU
	EndGlobalSection
	GlobalSection(SolutionProperties) = preSolution
		HideSolutionNode = FALSE
	EndGlobalSection
	GlobalSection(ExtensibilityGlobals) = postSolution
		SolutionGuid = {AED5367B-686D-4B58-A551-E8477EC6E85A}
	EndGlobalSection
EndGlobal
